
Microsoft Visual Studio Solution File, Format Version 9.00
# Visual Studio 2005
Project("{FAE04EC0-301F-11D3-BF4B-00C04F79EFBC}") = "Restaurant", "Restaurant\Restaurant.csproj", "{A3250E69-F1FB-4411-8A7A-01CF301808E9}"
EndProject
Project("{FAE04EC0-301F-11D3-BF4B-00C04F79EFBC}") = "YyTableCtrl", "..\Libraries\YyTableCtrl\YyTableCtrl.csproj", "{83CD27C6-0A85-46B5-A729-969987DECD96}"
EndProject
Project("{8BC9CEB8-8B4A-11D0-8D11-00A0C91BC942}") = "YyCtrl", "..\Libraries\YyCtrl\YyCtrl.vcproj", "{16047575-0F07-4B86-A5FC-3C262F0E95FF}"
EndProject
Project("{FAE04EC0-301F-11D3-BF4B-00C04F79EFBC}") = "YyLogger", "..\Libraries\YyLogger\YyLogger.csproj", "{867D1B13-113B-43A0-95A2-FE211CF3CE4D}"
EndProject
Project("{FAE04EC0-301F-11D3-BF4B-00C04F79EFBC}") = "YyPrint", "..\Libraries\YyPrint\YyPrint.csproj", "{E61C661A-D107-4963-9BFE-CF5AC5324AC8}"
EndProject
Project("{FAE04EC0-301F-11D3-BF4B-00C04F79EFBC}") = "ChefMonitor", "ChefMonitor\ChefMonitor.csproj", "{F6D6B39C-6998-4717-9355-139BAE146FC8}"
EndProject
Project("{FAE04EC0-301F-11D3-BF4B-00C04F79EFBC}") = "UserModule", "UserModule\UserModule.csproj", "{BC754D3C-C545-4918-AF9C-5A27A3AE802C}"
EndProject
Project("{8BC9CEB8-8B4A-11D0-8D11-00A0C91BC942}") = "EncryptKVLib", "..\libraries\EncryptKeyValue\EncryptKeyValue.vcproj", "{DBB66821-8E5F-474C-A564-0A077BC67759}"
EndProject
Project("{54435603-DBB4-11D2-8724-00A0C9A8B90C}") = "Setup2", "Setup2\Setup2.vdproj", "{BE809276-B388-4B7B-8A7A-2EE237039200}"
EndProject
Project("{54435603-DBB4-11D2-8724-00A0C9A8B90C}") = "Setup1", "Setup1\Setup1.vdproj", "{C14ED37A-4E32-480A-B8F6-D149233D2CC5}"
EndProject
Global
	GlobalSection(SolutionConfigurationPlatforms) = preSolution
		Debug|Any CPU = Debug|Any CPU
		Debug|Mixed Platforms = Debug|Mixed Platforms
		Debug|Win32 = Debug|Win32
		Release|Any CPU = Release|Any CPU
		Release|Mixed Platforms = Release|Mixed Platforms
		Release|Win32 = Release|Win32
		TMPRELEASE|Any CPU = TMPRELEASE|Any CPU
		TMPRELEASE|Mixed Platforms = TMPRELEASE|Mixed Platforms
		TMPRELEASE|Win32 = TMPRELEASE|Win32
	EndGlobalSection
	GlobalSection(ProjectConfigurationPlatforms) = postSolution
		{A3250E69-F1FB-4411-8A7A-01CF301808E9}.Debug|Any CPU.ActiveCfg = Debug|Any CPU
		{A3250E69-F1FB-4411-8A7A-01CF301808E9}.Debug|Any CPU.Build.0 = Debug|Any CPU
		{A3250E69-F1FB-4411-8A7A-01CF301808E9}.Debug|Mixed Platforms.ActiveCfg = Debug|Any CPU
		{A3250E69-F1FB-4411-8A7A-01CF301808E9}.Debug|Mixed Platforms.Build.0 = Debug|Any CPU
		{A3250E69-F1FB-4411-8A7A-01CF301808E9}.Debug|Win32.ActiveCfg = Debug|Any CPU
		{A3250E69-F1FB-4411-8A7A-01CF301808E9}.Release|Any CPU.ActiveCfg = Release|Any CPU
		{A3250E69-F1FB-4411-8A7A-01CF301808E9}.Release|Any CPU.Build.0 = Release|Any CPU
		{A3250E69-F1FB-4411-8A7A-01CF301808E9}.Release|Mixed Platforms.ActiveCfg = Release|Any CPU
		{A3250E69-F1FB-4411-8A7A-01CF301808E9}.Release|Mixed Platforms.Build.0 = Release|Any CPU
		{A3250E69-F1FB-4411-8A7A-01CF301808E9}.Release|Win32.ActiveCfg = Release|Any CPU
		{A3250E69-F1FB-4411-8A7A-01CF301808E9}.TMPRELEASE|Any CPU.ActiveCfg = TMPRELEASE|Any CPU
		{A3250E69-F1FB-4411-8A7A-01CF301808E9}.TMPRELEASE|Any CPU.Build.0 = TMPRELEASE|Any CPU
		{A3250E69-F1FB-4411-8A7A-01CF301808E9}.TMPRELEASE|Mixed Platforms.ActiveCfg = TMPRELEASE|Any CPU
		{A3250E69-F1FB-4411-8A7A-01CF301808E9}.TMPRELEASE|Mixed Platforms.Build.0 = TMPRELEASE|Any CPU
		{A3250E69-F1FB-4411-8A7A-01CF301808E9}.TMPRELEASE|Win32.ActiveCfg = TMPRELEASE|Any CPU
		{83CD27C6-0A85-46B5-A729-969987DECD96}.Debug|Any CPU.ActiveCfg = Debug|Any CPU
		{83CD27C6-0A85-46B5-A729-969987DECD96}.Debug|Any CPU.Build.0 = Debug|Any CPU
		{83CD27C6-0A85-46B5-A729-969987DECD96}.Debug|Mixed Platforms.ActiveCfg = Debug|Any CPU
		{83CD27C6-0A85-46B5-A729-969987DECD96}.Debug|Mixed Platforms.Build.0 = Debug|Any CPU
		{83CD27C6-0A85-46B5-A729-969987DECD96}.Debug|Win32.ActiveCfg = Debug|Any CPU
		{83CD27C6-0A85-46B5-A729-969987DECD96}.Release|Any CPU.ActiveCfg = Release|Any CPU
		{83CD27C6-0A85-46B5-A729-969987DECD96}.Release|Any CPU.Build.0 = Release|Any CPU
		{83CD27C6-0A85-46B5-A729-969987DECD96}.Release|Mixed Platforms.ActiveCfg = Release|Any CPU
		{83CD27C6-0A85-46B5-A729-969987DECD96}.Release|Mixed Platforms.Build.0 = Release|Any CPU
		{83CD27C6-0A85-46B5-A729-969987DECD96}.Release|Win32.ActiveCfg = Release|Any CPU
		{83CD27C6-0A85-46B5-A729-969987DECD96}.TMPRELEASE|Any CPU.ActiveCfg = TMPRELEASE|Any CPU
		{83CD27C6-0A85-46B5-A729-969987DECD96}.TMPRELEASE|Any CPU.Build.0 = TMPRELEASE|Any CPU
		{83CD27C6-0A85-46B5-A729-969987DECD96}.TMPRELEASE|Mixed Platforms.ActiveCfg = TMPRELEASE|Any CPU
		{83CD27C6-0A85-46B5-A729-969987DECD96}.TMPRELEASE|Mixed Platforms.Build.0 = TMPRELEASE|Any CPU
		{83CD27C6-0A85-46B5-A729-969987DECD96}.TMPRELEASE|Win32.ActiveCfg = TMPRELEASE|Any CPU
		{16047575-0F07-4B86-A5FC-3C262F0E95FF}.Debug|Any CPU.ActiveCfg = Debug|Win32
		{16047575-0F07-4B86-A5FC-3C262F0E95FF}.Debug|Mixed Platforms.ActiveCfg = Debug|Win32
		{16047575-0F07-4B86-A5FC-3C262F0E95FF}.Debug|Mixed Platforms.Build.0 = Debug|Win32
		{16047575-0F07-4B86-A5FC-3C262F0E95FF}.Debug|Win32.ActiveCfg = Debug|Win32
		{16047575-0F07-4B86-A5FC-3C262F0E95FF}.Debug|Win32.Build.0 = Debug|Win32
		{16047575-0F07-4B86-A5FC-3C262F0E95FF}.Release|Any CPU.ActiveCfg = Release|Win32
		{16047575-0F07-4B86-A5FC-3C262F0E95FF}.Release|Mixed Platforms.ActiveCfg = Release|Win32
		{16047575-0F07-4B86-A5FC-3C262F0E95FF}.Release|Mixed Platforms.Build.0 = Release|Win32
		{16047575-0F07-4B86-A5FC-3C262F0E95FF}.Release|Win32.ActiveCfg = Release|Win32
		{16047575-0F07-4B86-A5FC-3C262F0E95FF}.Release|Win32.Build.0 = Release|Win32
		{16047575-0F07-4B86-A5FC-3C262F0E95FF}.TMPRELEASE|Any CPU.ActiveCfg = TMPRELEASE|Win32
		{16047575-0F07-4B86-A5FC-3C262F0E95FF}.TMPRELEASE|Mixed Platforms.ActiveCfg = TMPRELEASE|Win32
		{16047575-0F07-4B86-A5FC-3C262F0E95FF}.TMPRELEASE|Mixed Platforms.Build.0 = TMPRELEASE|Win32
		{16047575-0F07-4B86-A5FC-3C262F0E95FF}.TMPRELEASE|Win32.ActiveCfg = TMPRELEASE|Win32
		{16047575-0F07-4B86-A5FC-3C262F0E95FF}.TMPRELEASE|Win32.Build.0 = TMPRELEASE|Win32
		{867D1B13-113B-43A0-95A2-FE211CF3CE4D}.Debug|Any CPU.ActiveCfg = Debug|Any CPU
		{867D1B13-113B-43A0-95A2-FE211CF3CE4D}.Debug|Any CPU.Build.0 = Debug|Any CPU
		{867D1B13-113B-43A0-95A2-FE211CF3CE4D}.Debug|Mixed Platforms.ActiveCfg = Debug|Any CPU
		{867D1B13-113B-43A0-95A2-FE211CF3CE4D}.Debug|Mixed Platforms.Build.0 = Debug|Any CPU
		{867D1B13-113B-43A0-95A2-FE211CF3CE4D}.Debug|Win32.ActiveCfg = Debug|Any CPU
		{867D1B13-113B-43A0-95A2-FE211CF3CE4D}.Release|Any CPU.ActiveCfg = Release|Any CPU
		{867D1B13-113B-43A0-95A2-FE211CF3CE4D}.Release|Any CPU.Build.0 = Release|Any CPU
		{867D1B13-113B-43A0-95A2-FE211CF3CE4D}.Release|Mixed Platforms.ActiveCfg = Release|Any CPU
		{867D1B13-113B-43A0-95A2-FE211CF3CE4D}.Release|Mixed Platforms.Build.0 = Release|Any CPU
		{867D1B13-113B-43A0-95A2-FE211CF3CE4D}.Release|Win32.ActiveCfg = Release|Any CPU
		{867D1B13-113B-43A0-95A2-FE211CF3CE4D}.TMPRELEASE|Any CPU.ActiveCfg = TMPRELEASE|Any CPU
		{867D1B13-113B-43A0-95A2-FE211CF3CE4D}.TMPRELEASE|Any CPU.Build.0 = TMPRELEASE|Any CPU
		{867D1B13-113B-43A0-95A2-FE211CF3CE4D}.TMPRELEASE|Mixed Platforms.ActiveCfg = TMPRELEASE|Any CPU
		{867D1B13-113B-43A0-95A2-FE211CF3CE4D}.TMPRELEASE|Mixed Platforms.Build.0 = TMPRELEASE|Any CPU
		{867D1B13-113B-43A0-95A2-FE211CF3CE4D}.TMPRELEASE|Win32.ActiveCfg = TMPRELEASE|Any CPU
		{E61C661A-D107-4963-9BFE-CF5AC5324AC8}.Debug|Any CPU.ActiveCfg = Debug|Any CPU
		{E61C661A-D107-4963-9BFE-CF5AC5324AC8}.Debug|Any CPU.Build.0 = Debug|Any CPU
		{E61C661A-D107-4963-9BFE-CF5AC5324AC8}.Debug|Mixed Platforms.ActiveCfg = Debug|Any CPU
		{E61C661A-D107-4963-9BFE-CF5AC5324AC8}.Debug|Mixed Platforms.Build.0 = Debug|Any CPU
		{E61C661A-D107-4963-9BFE-CF5AC5324AC8}.Debug|Win32.ActiveCfg = Debug|Any CPU
		{E61C661A-D107-4963-9BFE-CF5AC5324AC8}.Release|Any CPU.ActiveCfg = Release|Any CPU
		{E61C661A-D107-4963-9BFE-CF5AC5324AC8}.Release|Any CPU.Build.0 = Release|Any CPU
		{E61C661A-D107-4963-9BFE-CF5AC5324AC8}.Release|Mixed Platforms.ActiveCfg = Release|Any CPU
		{E61C661A-D107-4963-9BFE-CF5AC5324AC8}.Release|Mixed Platforms.Build.0 = Release|Any CPU
		{E61C661A-D107-4963-9BFE-CF5AC5324AC8}.Release|Win32.ActiveCfg = Release|Any CPU
		{E61C661A-D107-4963-9BFE-CF5AC5324AC8}.TMPRELEASE|Any CPU.ActiveCfg = TMPRELEASE|Any CPU
		{E61C661A-D107-4963-9BFE-CF5AC5324AC8}.TMPRELEASE|Any CPU.Build.0 = TMPRELEASE|Any CPU
		{E61C661A-D107-4963-9BFE-CF5AC5324AC8}.TMPRELEASE|Mixed Platforms.ActiveCfg = TMPRELEASE|Any CPU
		{E61C661A-D107-4963-9BFE-CF5AC5324AC8}.TMPRELEASE|Mixed Platforms.Build.0 = TMPRELEASE|Any CPU
		{E61C661A-D107-4963-9BFE-CF5AC5324AC8}.TMPRELEASE|Win32.ActiveCfg = TMPRELEASE|Any CPU
		{F6D6B39C-6998-4717-9355-139BAE146FC8}.Debug|Any CPU.ActiveCfg = Debug|Any CPU
		{F6D6B39C-6998-4717-9355-139BAE146FC8}.Debug|Any CPU.Build.0 = Debug|Any CPU
		{F6D6B39C-6998-4717-9355-139BAE146FC8}.Debug|Mixed Platforms.ActiveCfg = Debug|Any CPU
		{F6D6B39C-6998-4717-9355-139BAE146FC8}.Debug|Mixed Platforms.Build.0 = Debug|Any CPU
		{F6D6B39C-6998-4717-9355-139BAE146FC8}.Debug|Win32.ActiveCfg = Debug|Any CPU
		{F6D6B39C-6998-4717-9355-139BAE146FC8}.Release|Any CPU.ActiveCfg = Release|Any CPU
		{F6D6B39C-6998-4717-9355-139BAE146FC8}.Release|Any CPU.Build.0 = Release|Any CPU
		{F6D6B39C-6998-4717-9355-139BAE146FC8}.Release|Mixed Platforms.ActiveCfg = Release|Any CPU
		{F6D6B39C-6998-4717-9355-139BAE146FC8}.Release|Mixed Platforms.Build.0 = Release|Any CPU
		{F6D6B39C-6998-4717-9355-139BAE146FC8}.Release|Win32.ActiveCfg = Release|Any CPU
		{F6D6B39C-6998-4717-9355-139BAE146FC8}.TMPRELEASE|Any CPU.ActiveCfg = TMPRELEASE|Any CPU
		{F6D6B39C-6998-4717-9355-139BAE146FC8}.TMPRELEASE|Any CPU.Build.0 = TMPRELEASE|Any CPU
		{F6D6B39C-6998-4717-9355-139BAE146FC8}.TMPRELEASE|Mixed Platforms.ActiveCfg = TMPRELEASE|Any CPU
		{F6D6B39C-6998-4717-9355-139BAE146FC8}.TMPRELEASE|Mixed Platforms.Build.0 = TMPRELEASE|Any CPU
		{F6D6B39C-6998-4717-9355-139BAE146FC8}.TMPRELEASE|Win32.ActiveCfg = TMPRELEASE|Any CPU
		{BC754D3C-C545-4918-AF9C-5A27A3AE802C}.Debug|Any CPU.ActiveCfg = Debug|Any CPU
		{BC754D3C-C545-4918-AF9C-5A27A3AE802C}.Debug|Any CPU.Build.0 = Debug|Any CPU
		{BC754D3C-C545-4918-AF9C-5A27A3AE802C}.Debug|Mixed Platforms.ActiveCfg = Debug|Any CPU
		{BC754D3C-C545-4918-AF9C-5A27A3AE802C}.Debug|Mixed Platforms.Build.0 = Debug|Any CPU
		{BC754D3C-C545-4918-AF9C-5A27A3AE802C}.Debug|Win32.ActiveCfg = Debug|Any CPU
		{BC754D3C-C545-4918-AF9C-5A27A3AE802C}.Release|Any CPU.ActiveCfg = Release|Any CPU
		{BC754D3C-C545-4918-AF9C-5A27A3AE802C}.Release|Any CPU.Build.0 = Release|Any CPU
		{BC754D3C-C545-4918-AF9C-5A27A3AE802C}.Release|Mixed Platforms.ActiveCfg = Release|Any CPU
		{BC754D3C-C545-4918-AF9C-5A27A3AE802C}.Release|Mixed Platforms.Build.0 = Release|Any CPU
		{BC754D3C-C545-4918-AF9C-5A27A3AE802C}.Release|Win32.ActiveCfg = Release|Any CPU
		{BC754D3C-C545-4918-AF9C-5A27A3AE802C}.TMPRELEASE|Any CPU.ActiveCfg = TMPRELEASE|Any CPU
		{BC754D3C-C545-4918-AF9C-5A27A3AE802C}.TMPRELEASE|Any CPU.Build.0 = TMPRELEASE|Any CPU
		{BC754D3C-C545-4918-AF9C-5A27A3AE802C}.TMPRELEASE|Mixed Platforms.ActiveCfg = TMPRELEASE|Any CPU
		{BC754D3C-C545-4918-AF9C-5A27A3AE802C}.TMPRELEASE|Mixed Platforms.Build.0 = TMPRELEASE|Any CPU
		{BC754D3C-C545-4918-AF9C-5A27A3AE802C}.TMPRELEASE|Win32.ActiveCfg = TMPRELEASE|Any CPU
		{DBB66821-8E5F-474C-A564-0A077BC67759}.Debug|Any CPU.ActiveCfg = Debug|Win32
		{DBB66821-8E5F-474C-A564-0A077BC67759}.Debug|Mixed Platforms.ActiveCfg = Debug|Win32
		{DBB66821-8E5F-474C-A564-0A077BC67759}.Debug|Mixed Platforms.Build.0 = Debug|Win32
		{DBB66821-8E5F-474C-A564-0A077BC67759}.Debug|Win32.ActiveCfg = Debug|Win32
		{DBB66821-8E5F-474C-A564-0A077BC67759}.Debug|Win32.Build.0 = Debug|Win32
		{DBB66821-8E5F-474C-A564-0A077BC67759}.Release|Any CPU.ActiveCfg = Release|Win32
		{DBB66821-8E5F-474C-A564-0A077BC67759}.Release|Mixed Platforms.ActiveCfg = Release|Win32
		{DBB66821-8E5F-474C-A564-0A077BC67759}.Release|Mixed Platforms.Build.0 = Release|Win32
		{DBB66821-8E5F-474C-A564-0A077BC67759}.Release|Win32.ActiveCfg = Release|Win32
		{DBB66821-8E5F-474C-A564-0A077BC67759}.Release|Win32.Build.0 = Release|Win32
		{DBB66821-8E5F-474C-A564-0A077BC67759}.TMPRELEASE|Any CPU.ActiveCfg = TMPRELEASE|Win32
		{DBB66821-8E5F-474C-A564-0A077BC67759}.TMPRELEASE|Mixed Platforms.ActiveCfg = TMPRELEASE|Win32
		{DBB66821-8E5F-474C-A564-0A077BC67759}.TMPRELEASE|Mixed Platforms.Build.0 = TMPRELEASE|Win32
		{DBB66821-8E5F-474C-A564-0A077BC67759}.TMPRELEASE|Win32.ActiveCfg = TMPRELEASE|Win32
		{DBB66821-8E5F-474C-A564-0A077BC67759}.TMPRELEASE|Win32.Build.0 = TMPRELEASE|Win32
		{BE809276-B388-4B7B-8A7A-2EE237039200}.Debug|Any CPU.ActiveCfg = Debug
		{BE809276-B388-4B7B-8A7A-2EE237039200}.Debug|Mixed Platforms.ActiveCfg = Debug
		{BE809276-B388-4B7B-8A7A-2EE237039200}.Debug|Win32.ActiveCfg = Debug
		{BE809276-B388-4B7B-8A7A-2EE237039200}.Release|Any CPU.ActiveCfg = Release
		{BE809276-B388-4B7B-8A7A-2EE237039200}.Release|Mixed Platforms.ActiveCfg = Release
		{BE809276-B388-4B7B-8A7A-2EE237039200}.Release|Win32.ActiveCfg = Release
		{BE809276-B388-4B7B-8A7A-2EE237039200}.TMPRELEASE|Any CPU.ActiveCfg = Release
		{BE809276-B388-4B7B-8A7A-2EE237039200}.TMPRELEASE|Mixed Platforms.ActiveCfg = Release
		{BE809276-B388-4B7B-8A7A-2EE237039200}.TMPRELEASE|Win32.ActiveCfg = Release
		{C14ED37A-4E32-480A-B8F6-D149233D2CC5}.Debug|Any CPU.ActiveCfg = Debug
		{C14ED37A-4E32-480A-B8F6-D149233D2CC5}.Debug|Any CPU.Build.0 = Debug
		{C14ED37A-4E32-480A-B8F6-D149233D2CC5}.Debug|Mixed Platforms.ActiveCfg = Debug
		{C14ED37A-4E32-480A-B8F6-D149233D2CC5}.Debug|Mixed Platforms.Build.0 = Debug
		{C14ED37A-4E32-480A-B8F6-D149233D2CC5}.Debug|Win32.ActiveCfg = Debug
		{C14ED37A-4E32-480A-B8F6-D149233D2CC5}.Debug|Win32.Build.0 = Debug
		{C14ED37A-4E32-480A-B8F6-D149233D2CC5}.Release|Any CPU.ActiveCfg = Release
		{C14ED37A-4E32-480A-B8F6-D149233D2CC5}.Release|Any CPU.Build.0 = Release
		{C14ED37A-4E32-480A-B8F6-D149233D2CC5}.Release|Mixed Platforms.ActiveCfg = Release
		{C14ED37A-4E32-480A-B8F6-D149233D2CC5}.Release|Mixed Platforms.Build.0 = Release
		{C14ED37A-4E32-480A-B8F6-D149233D2CC5}.Release|Win32.ActiveCfg = Release
		{C14ED37A-4E32-480A-B8F6-D149233D2CC5}.Release|Win32.Build.0 = Release
		{C14ED37A-4E32-480A-B8F6-D149233D2CC5}.TMPRELEASE|Any CPU.ActiveCfg = Release
		{C14ED37A-4E32-480A-B8F6-D149233D2CC5}.TMPRELEASE|Any CPU.Build.0 = Release
		{C14ED37A-4E32-480A-B8F6-D149233D2CC5}.TMPRELEASE|Mixed Platforms.ActiveCfg = Release
		{C14ED37A-4E32-480A-B8F6-D149233D2CC5}.TMPRELEASE|Mixed Platforms.Build.0 = Release
		{C14ED37A-4E32-480A-B8F6-D149233D2CC5}.TMPRELEASE|Win32.ActiveCfg = Release
		{C14ED37A-4E32-480A-B8F6-D149233D2CC5}.TMPRELEASE|Win32.Build.0 = Release
	EndGlobalSection
	GlobalSection(SolutionProperties) = preSolution
		HideSolutionNode = FALSE
	EndGlobalSection
EndGlobal
